
Microsoft Visual Studio Solution File, Format Version 12.00
# Visual Studio Version 17
VisualStudioVersion = 17.0.31903.59
MinimumVisualStudioVersion = 10.0.40219.1
Project("{FAE04EC0-301F-11D3-BF4B-00C04F79EFBC}") = "CleanerService", "CleanerService\CleanerService.csproj", "{C298CD9E-EA01-491D-B631-39210F36DD1F}"
EndProject
Project("{FAE04EC0-301F-11D3-BF4B-00C04F79EFBC}") = "IndexerService", "IndexerService\IndexerService.csproj", "{FC0CD64E-2740-4BB9-B80B-B65A60C54A9D}"
EndProject
Project("{FAE04EC0-301F-11D3-BF4B-00C04F79EFBC}") = "SearchAPI", "SearchAPI\SearchAPI.csproj", "{96C2695A-25C5-446E-9D54-F513B27A99E1}"
EndProject
Project("{FAE04EC0-301F-11D3-BF4B-00C04F79EFBC}") = "SharedLibrary", "SharedLibrary\SharedLibrary.csproj", "{A11E0CAD-8560-4644-99AE-63AE8E286769}"
EndProject
Global
	GlobalSection(SolutionConfigurationPlatforms) = preSolution
		Debug|Any CPU = Debug|Any CPU
		Release|Any CPU = Release|Any CPU
	EndGlobalSection
	GlobalSection(ProjectConfigurationPlatforms) = postSolution
		{C298CD9E-EA01-491D-B631-39210F36DD1F}.Debug|Any CPU.ActiveCfg = Debug|Any CPU
		{C298CD9E-EA01-491D-B631-39210F36DD1F}.Debug|Any CPU.Build.0 = Debug|Any CPU
		{C298CD9E-EA01-491D-B631-39210F36DD1F}.Release|Any CPU.ActiveCfg = Release|Any CPU
		{C298CD9E-EA01-491D-B631-39210F36DD1F}.Release|Any CPU.Build.0 = Release|Any CPU
		{FC0CD64E-2740-4BB9-B80B-B65A60C54A9D}.Debug|Any CPU.ActiveCfg = Debug|Any CPU
		{FC0CD64E-2740-4BB9-B80B-B65A60C54A9D}.Debug|Any CPU.Build.0 = Debug|Any CPU
		{FC0CD64E-2740-4BB9-B80B-B65A60C54A9D}.Release|Any CPU.ActiveCfg = Release|Any CPU
		{FC0CD64E-2740-4BB9-B80B-B65A60C54A9D}.Release|Any CPU.Build.0 = Release|Any CPU
		{96C2695A-25C5-446E-9D54-F513B27A99E1}.Debug|Any CPU.ActiveCfg = Debug|Any CPU
		{96C2695A-25C5-446E-9D54-F513B27A99E1}.Debug|Any CPU.Build.0 = Debug|Any CPU
		{96C2695A-25C5-446E-9D54-F513B27A99E1}.Release|Any CPU.ActiveCfg = Release|Any CPU
		{96C2695A-25C5-446E-9D54-F513B27A99E1}.Release|Any CPU.Build.0 = Release|Any CPU
		{A11E0CAD-8560-4644-99AE-63AE8E286769}.Debug|Any CPU.ActiveCfg = Debug|Any CPU
		{A11E0CAD-8560-4644-99AE-63AE8E286769}.Debug|Any CPU.Build.0 = Debug|Any CPU
		{A11E0CAD-8560-4644-99AE-63AE8E286769}.Release|Any CPU.ActiveCfg = Release|Any CPU
		{A11E0CAD-8560-4644-99AE-63AE8E286769}.Release|Any CPU.Build.0 = Release|Any CPU
	EndGlobalSection
	GlobalSection(SolutionProperties) = preSolution
		HideSolutionNode = FALSE
	EndGlobalSection
	GlobalSection(ExtensibilityGlobals) = postSolution
		SolutionGuid = {A70097F4-E608-4C95-A80F-A90700D03F1D}
	EndGlobalSection
EndGlobal
